
Microsoft Visual Studio Solution File, Format Version 12.00
# Visual Studio 15
Project("{FAE04EC0-301F-11D3-BF4B-00C04F79EFBC}") = "Oculus.Interaction.Editor", "Oculus.Interaction.Editor.csproj", "{F234A0FE-E4DB-E50B-BF0B-604BCBCBE1E5}"
EndProject
Project("{FAE04EC0-301F-11D3-BF4B-00C04F79EFBC}") = "Assembly-CSharp", "Assembly-CSharp.csproj", "{945F4B1B-63C3-DC5D-2F02-EA9BC28122B8}"
EndProject
Project("{FAE04EC0-301F-11D3-BF4B-00C04F79EFBC}") = "Assembly-CSharp-Editor", "Assembly-CSharp-Editor.csproj", "{55D790E3-899A-012B-4DE9-72008FE91D72}"
EndProject
Global
	GlobalSection(SolutionConfigurationPlatforms) = preSolution
		Debug|Any CPU = Debug|Any CPU
		Release|Any CPU = Release|Any CPU
	EndGlobalSection
	GlobalSection(ProjectConfigurationPlatforms) = postSolution
		{F234A0FE-E4DB-E50B-BF0B-604BCBCBE1E5}.Debug|Any CPU.ActiveCfg = Debug|Any CPU
		{F234A0FE-E4DB-E50B-BF0B-604BCBCBE1E5}.Debug|Any CPU.Build.0 = Debug|Any CPU
		{F234A0FE-E4DB-E50B-BF0B-604BCBCBE1E5}.Release|Any CPU.ActiveCfg = Release|Any CPU
		{F234A0FE-E4DB-E50B-BF0B-604BCBCBE1E5}.Release|Any CPU.Build.0 = Release|Any CPU
		{945F4B1B-63C3-DC5D-2F02-EA9BC28122B8}.Debug|Any CPU.ActiveCfg = Debug|Any CPU
		{945F4B1B-63C3-DC5D-2F02-EA9BC28122B8}.Debug|Any CPU.Build.0 = Debug|Any CPU
		{945F4B1B-63C3-DC5D-2F02-EA9BC28122B8}.Release|Any CPU.ActiveCfg = Release|Any CPU
		{945F4B1B-63C3-DC5D-2F02-EA9BC28122B8}.Release|Any CPU.Build.0 = Release|Any CPU
		{55D790E3-899A-012B-4DE9-72008FE91D72}.Debug|Any CPU.ActiveCfg = Debug|Any CPU
		{55D790E3-899A-012B-4DE9-72008FE91D72}.Debug|Any CPU.Build.0 = Debug|Any CPU
		{55D790E3-899A-012B-4DE9-72008FE91D72}.Release|Any CPU.ActiveCfg = Release|Any CPU
		{55D790E3-899A-012B-4DE9-72008FE91D72}.Release|Any CPU.Build.0 = Release|Any CPU
	EndGlobalSection
	GlobalSection(SolutionProperties) = preSolution
		HideSolutionNode = FALSE
	EndGlobalSection
EndGlobal
